// !$*UTF8*$!
{
	archiveVersion = 1;
	classes = {
	};
	objectVersion = 55;
	objects = {

/* Begin PBXBuildFile section */
		C05226CC282862E2004DC635 /* DateTimeParser.swift in Sources */ = {isa = PBXBuildFile; fileRef = C05226CB282862E2004DC635 /* DateTimeParser.swift */; };
		C05226CE28288EC2004DC635 /* EventDetailView.swift in Sources */ = {isa = PBXBuildFile; fileRef = C05226CD28288EC2004DC635 /* EventDetailView.swift */; };
		C0DD58A428271E3A00FF2802 /* EventSApp.swift in Sources */ = {isa = PBXBuildFile; fileRef = C0DD58A328271E3A00FF2802 /* EventSApp.swift */; };
		C0DD58A628271E3A00FF2802 /* SearchEventsView.swift in Sources */ = {isa = PBXBuildFile; fileRef = C0DD58A528271E3A00FF2802 /* SearchEventsView.swift */; };
		C0DD58A828271E3C00FF2802 /* Assets.xcassets in Resources */ = {isa = PBXBuildFile; fileRef = C0DD58A728271E3C00FF2802 /* Assets.xcassets */; };
		C0DD58AB28271E3C00FF2802 /* Preview Assets.xcassets in Resources */ = {isa = PBXBuildFile; fileRef = C0DD58AA28271E3C00FF2802 /* Preview Assets.xcassets */; };
		C0DD58B9282720A100FF2802 /* itcmachine-medium.ttf in Resources */ = {isa = PBXBuildFile; fileRef = C0DD58B8282720A100FF2802 /* itcmachine-medium.ttf */; };
		C0DD58BB282721D800FF2802 /* Archivo.ttf in Resources */ = {isa = PBXBuildFile; fileRef = C0DD58BA282721D800FF2802 /* Archivo.ttf */; };
		C0DD58BE28272F2F00FF2802 /* ApiURL.swift in Sources */ = {isa = PBXBuildFile; fileRef = C0DD58BD28272F2F00FF2802 /* ApiURL.swift */; };
		C0DD58C02827317D00FF2802 /* InfoPListParser.swift in Sources */ = {isa = PBXBuildFile; fileRef = C0DD58BF2827317D00FF2802 /* InfoPListParser.swift */; };
		C0DD58C2282732D700FF2802 /* EventsDataModel.swift in Sources */ = {isa = PBXBuildFile; fileRef = C0DD58C1282732D700FF2802 /* EventsDataModel.swift */; };
		C0DD58C42827385800FF2802 /* SearchEventsViewModel.swift in Sources */ = {isa = PBXBuildFile; fileRef = C0DD58C32827385800FF2802 /* SearchEventsViewModel.swift */; };
/* End PBXBuildFile section */

/* Begin PBXFileReference section */
		C05226CB282862E2004DC635 /* DateTimeParser.swift */ = {isa = PBXFileReference; lastKnownFileType = sourcecode.swift; path = DateTimeParser.swift; sourceTree = "<group>"; };
		C05226CD28288EC2004DC635 /* EventDetailView.swift */ = {isa = PBXFileReference; lastKnownFileType = sourcecode.swift; path = EventDetailView.swift; sourceTree = "<group>"; };
		C0DD58A028271E3A00FF2802 /* EventS.app */ = {isa = PBXFileReference; explicitFileType = wrapper.application; includeInIndex = 0; path = EventS.app; sourceTree = BUILT_PRODUCTS_DIR; };
		C0DD58A328271E3A00FF2802 /* EventSApp.swift */ = {isa = PBXFileReference; lastKnownFileType = sourcecode.swift; path = EventSApp.swift; sourceTree = "<group>"; };
		C0DD58A528271E3A00FF2802 /* SearchEventsView.swift */ = {isa = PBXFileReference; lastKnownFileType = sourcecode.swift; path = SearchEventsView.swift; sourceTree = "<group>"; };
		C0DD58A728271E3C00FF2802 /* Assets.xcassets */ = {isa = PBXFileReference; lastKnownFileType = folder.assetcatalog; path = Assets.xcassets; sourceTree = "<group>"; };
		C0DD58AA28271E3C00FF2802 /* Preview Assets.xcassets */ = {isa = PBXFileReference; lastKnownFileType = folder.assetcatalog; path = "Preview Assets.xcassets"; sourceTree = "<group>"; };
		C0DD58B728271EF700FF2802 /* Info.plist */ = {isa = PBXFileReference; lastKnownFileType = text.plist; path = Info.plist; sourceTree = "<group>"; };
		C0DD58B8282720A100FF2802 /* itcmachine-medium.ttf */ = {isa = PBXFileReference; lastKnownFileType = file; path = "itcmachine-medium.ttf"; sourceTree = "<group>"; };
		C0DD58BA282721D800FF2802 /* Archivo.ttf */ = {isa = PBXFileReference; lastKnownFileType = file; path = Archivo.ttf; sourceTree = "<group>"; };
		C0DD58BD28272F2F00FF2802 /* ApiURL.swift */ = {isa = PBXFileReference; lastKnownFileType = sourcecode.swift; path = ApiURL.swift; sourceTree = "<group>"; };
		C0DD58BF2827317D00FF2802 /* InfoPListParser.swift */ = {isa = PBXFileReference; lastKnownFileType = sourcecode.swift; path = InfoPListParser.swift; sourceTree = "<group>"; };
		C0DD58C1282732D700FF2802 /* EventsDataModel.swift */ = {isa = PBXFileReference; lastKnownFileType = sourcecode.swift; path = EventsDataModel.swift; sourceTree = "<group>"; };
		C0DD58C32827385800FF2802 /* SearchEventsViewModel.swift */ = {isa = PBXFileReference; lastKnownFileType = sourcecode.swift; path = SearchEventsViewModel.swift; sourceTree = "<group>"; };
/* End PBXFileReference section */

/* Begin PBXFrameworksBuildPhase section */
		C0DD589D28271E3A00FF2802 /* Frameworks */ = {
			isa = PBXFrameworksBuildPhase;
			buildActionMask = 2147483647;
			files = (
			);
			runOnlyForDeploymentPostprocessing = 0;
		};
/* End PBXFrameworksBuildPhase section */

/* Begin PBXGroup section */
		C0DD589728271E3A00FF2802 = {
			isa = PBXGroup;
			children = (
				C0DD58A228271E3A00FF2802 /* EventS */,
				C0DD58A128271E3A00FF2802 /* Products */,
			);
			sourceTree = "<group>";
		};
		C0DD58A128271E3A00FF2802 /* Products */ = {
			isa = PBXGroup;
			children = (
				C0DD58A028271E3A00FF2802 /* EventS.app */,
			);
			name = Products;
			sourceTree = "<group>";
		};
		C0DD58A228271E3A00FF2802 /* EventS */ = {
			isa = PBXGroup;
			children = (
				C0DD58BC28272F1400FF2802 /* Common */,
				C0DD58B728271EF700FF2802 /* Info.plist */,
				C0DD58B528271EC300FF2802 /* Fonts */,
				C0DD58B428271EA000FF2802 /* Services */,
				C0DD58B328271E8A00FF2802 /* ViewModel */,
				C0DD58B228271E8400FF2802 /* Model */,
				C0DD58B128271E7C00FF2802 /* View */,
				C0DD58A328271E3A00FF2802 /* EventSApp.swift */,
				C0DD58A728271E3C00FF2802 /* Assets.xcassets */,
				C0DD58A928271E3C00FF2802 /* Preview Content */,
			);
			path = EventS;
			sourceTree = "<group>";
		};
		C0DD58A928271E3C00FF2802 /* Preview Content */ = {
			isa = PBXGroup;
			children = (
				C0DD58AA28271E3C00FF2802 /* Preview Assets.xcassets */,
			);
			path = "Preview Content";
			sourceTree = "<group>";
		};
		C0DD58B128271E7C00FF2802 /* View */ = {
			isa = PBXGroup;
			children = (
				C0DD58A528271E3A00FF2802 /* SearchEventsView.swift */,
				C05226CD28288EC2004DC635 /* EventDetailView.swift */,
			);
			path = View;
			sourceTree = "<group>";
		};
		C0DD58B228271E8400FF2802 /* Model */ = {
			isa = PBXGroup;
			children = (
				C0DD58C1282732D700FF2802 /* EventsDataModel.swift */,
			);
			path = Model;
			sourceTree = "<group>";
		};
		C0DD58B328271E8A00FF2802 /* ViewModel */ = {
			isa = PBXGroup;
			children = (
				C0DD58C32827385800FF2802 /* SearchEventsViewModel.swift */,
			);
			path = ViewModel;
			sourceTree = "<group>";
		};
		C0DD58B428271EA000FF2802 /* Services */ = {
			isa = PBXGroup;
			children = (
				C0DD58BF2827317D00FF2802 /* InfoPListParser.swift */,
				C05226CB282862E2004DC635 /* DateTimeParser.swift */,
			);
			path = Services;
			sourceTree = "<group>";
		};
		C0DD58B528271EC300FF2802 /* Fonts */ = {
			isa = PBXGroup;
			children = (
				C0DD58B8282720A100FF2802 /* itcmachine-medium.ttf */,
				C0DD58BA282721D800FF2802 /* Archivo.ttf */,
			);
			path = Fonts;
			sourceTree = "<group>";
		};
		C0DD58BC28272F1400FF2802 /* Common */ = {
			isa = PBXGroup;
			children = (
				C0DD58BD28272F2F00FF2802 /* ApiURL.swift */,
			);
			path = Common;
			sourceTree = "<group>";
		};
/* End PBXGroup section */

/* Begin PBXNativeTarget section */
		C0DD589F28271E3A00FF2802 /* EventS */ = {
			isa = PBXNativeTarget;
			buildConfigurationList = C0DD58AE28271E3C00FF2802 /* Build configuration list for PBXNativeTarget "EventS" */;
			buildPhases = (
				C0DD589C28271E3A00FF2802 /* Sources */,
				C0DD589D28271E3A00FF2802 /* Frameworks */,
				C0DD589E28271E3A00FF2802 /* Resources */,
			);
			buildRules = (
			);
			dependencies = (
			);
			name = EventS;
			productName = EventS;
			productReference = C0DD58A028271E3A00FF2802 /* EventS.app */;
			productType = "com.apple.product-type.application";
		};
/* End PBXNativeTarget section */

/* Begin PBXProject section */
		C0DD589828271E3A00FF2802 /* Project object */ = {
			isa = PBXProject;
			attributes = {
				BuildIndependentTargetsInParallel = 1;
				LastSwiftUpdateCheck = 1330;
				LastUpgradeCheck = 1330;
				TargetAttributes = {
					C0DD589F28271E3A00FF2802 = {
						CreatedOnToolsVersion = 13.3.1;
					};
				};
			};
			buildConfigurationList = C0DD589B28271E3A00FF2802 /* Build configuration list for PBXProject "EventS" */;
			compatibilityVersion = "Xcode 13.0";
			developmentRegion = en;
			hasScannedForEncodings = 0;
			knownRegions = (
				en,
				Base,
			);
			mainGroup = C0DD589728271E3A00FF2802;
			productRefGroup = C0DD58A128271E3A00FF2802 /* Products */;
			projectDirPath = "";
			projectRoot = "";
			targets = (
				C0DD589F28271E3A00FF2802 /* EventS */,
			);
		};
/* End PBXProject section */

/* Begin PBXResourcesBuildPhase section */
		C0DD589E28271E3A00FF2802 /* Resources */ = {
			isa = PBXResourcesBuildPhase;
			buildActionMask = 2147483647;
			files = (
				C0DD58B9282720A100FF2802 /* itcmachine-medium.ttf in Resources */,
				C0DD58AB28271E3C00FF2802 /* Preview Assets.xcassets in Resources */,
				C0DD58A828271E3C00FF2802 /* Assets.xcassets in Resources */,
				C0DD58BB282721D800FF2802 /* Archivo.ttf in Resources */,
			);
			runOnlyForDeploymentPostprocessing = 0;
		};
/* End PBXResourcesBuildPhase section */

/* Begin PBXSourcesBuildPhase section */
		C0DD589C28271E3A00FF2802 /* Sources */ = {
			isa = PBXSourcesBuildPhase;
			buildActionMask = 2147483647;
			files = (
				C05226CE28288EC2004DC635 /* EventDetailView.swift in Sources */,
				C0DD58A628271E3A00FF2802 /* SearchEventsView.swift in Sources */,
				C0DD58C02827317D00FF2802 /* InfoPListParser.swift in Sources */,
				C05226CC282862E2004DC635 /* DateTimeParser.swift in Sources */,
				C0DD58C2282732D700FF2802 /* EventsDataModel.swift in Sources */,
				C0DD58C42827385800FF2802 /* SearchEventsViewModel.swift in Sources */,
				C0DD58A428271E3A00FF2802 /* EventSApp.swift in Sources */,
				C0DD58BE28272F2F00FF2802 /* ApiURL.swift in Sources */,
			);
			runOnlyForDeploymentPostprocessing = 0;
		};
/* End PBXSourcesBuildPhase section */

/* Begin XCBuildConfiguration section */
		C0DD58AC28271E3C00FF2802 /* Debug */ = {
			isa = XCBuildConfiguration;
			buildSettings = {
				ALWAYS_SEARCH_USER_PATHS = NO;
				CLANG_ANALYZER_NONNULL = YES;
				CLANG_ANALYZER_NUMBER_OBJECT_CONVERSION = YES_AGGRESSIVE;
				CLANG_CXX_LANGUAGE_STANDARD = "gnu++17";
				CLANG_ENABLE_MODULES = YES;
				CLANG_ENABLE_OBJC_ARC = YES;
				CLANG_ENABLE_OBJC_WEAK = YES;
				CLANG_WARN_BLOCK_CAPTURE_AUTORELEASING = YES;
				CLANG_WARN_BOOL_CONVERSION = YES;
				CLANG_WARN_COMMA = YES;
				CLANG_WARN_CONSTANT_CONVERSION = YES;
				CLANG_WARN_DEPRECATED_OBJC_IMPLEMENTATIONS = YES;
				CLANG_WARN_DIRECT_OBJC_ISA_USAGE = YES_ERROR;
				CLANG_WARN_DOCUMENTATION_COMMENTS = YES;
				CLANG_WARN_EMPTY_BODY = YES;
				CLANG_WARN_ENUM_CONVERSION = YES;
				CLANG_WARN_INFINITE_RECURSION = YES;
				CLANG_WARN_INT_CONVERSION = YES;
				CLANG_WARN_NON_LITERAL_NULL_CONVERSION = YES;
				CLANG_WARN_OBJC_IMPLICIT_RETAIN_SELF = YES;
				CLANG_WARN_OBJC_LITERAL_CONVERSION = YES;
				CLANG_WARN_OBJC_ROOT_CLASS = YES_ERROR;
				CLANG_WARN_QUOTED_INCLUDE_IN_FRAMEWORK_HEADER = YES;
				CLANG_WARN_RANGE_LOOP_ANALYSIS = YES;
				CLANG_WARN_STRICT_PROTOTYPES = YES;
				CLANG_WARN_SUSPICIOUS_MOVE = YES;
				CLANG_WARN_UNGUARDED_AVAILABILITY = YES_AGGRESSIVE;
				CLANG_WARN_UNREACHABLE_CODE = YES;
				CLANG_WARN__DUPLICATE_METHOD_MATCH = YES;
				COPY_PHASE_STRIP = NO;
				DEBUG_INFORMATION_FORMAT = dwarf;
				ENABLE_STRICT_OBJC_MSGSEND = YES;
				ENABLE_TESTABILITY = YES;
				GCC_C_LANGUAGE_STANDARD = gnu11;
				GCC_DYNAMIC_NO_PIC = NO;
				GCC_NO_COMMON_BLOCKS = YES;
				GCC_OPTIMIZATION_LEVEL = 0;
				GCC_PREPROCESSOR_DEFINITIONS = (
					"DEBUG=1",
					"$(inherited)",
				);
				GCC_WARN_64_TO_32_BIT_CONVERSION = YES;
				GCC_WARN_ABOUT_RETURN_TYPE = YES_ERROR;
				GCC_WARN_UNDECLARED_SELECTOR = YES;
				GCC_WARN_UNINITIALIZED_AUTOS = YES_AGGRESSIVE;
				GCC_WARN_UNUSED_FUNCTION = YES;
				GCC_WARN_UNUSED_VARIABLE = YES;
				IPHONEOS_DEPLOYMENT_TARGET = 15.4;
				MTL_ENABLE_DEBUG_INFO = INCLUDE_SOURCE;
				MTL_FAST_MATH = YES;
				ONLY_ACTIVE_ARCH = YES;
				SDKROOT = iphoneos;
				SWIFT_ACTIVE_COMPILATION_CONDITIONS = DEBUG;
				SWIFT_OPTIMIZATION_LEVEL = "-Onone";
			};
			name = Debug;
		};
		C0DD58AD28271E3C00FF2802 /* Release */ = {
			isa = XCBuildConfiguration;
			buildSettings = {
				ALWAYS_SEARCH_USER_PATHS = NO;
				CLANG_ANALYZER_NONNULL = YES;
				CLANG_ANALYZER_NUMBER_OBJECT_CONVERSION = YES_AGGRESSIVE;
				CLANG_CXX_LANGUAGE_STANDARD = "gnu++17";
				CLANG_ENABLE_MODULES = YES;
				CLANG_ENABLE_OBJC_ARC = YES;
				CLANG_ENABLE_OBJC_WEAK = YES;
				CLANG_WARN_BLOCK_CAPTURE_AUTORELEASING = YES;
				CLANG_WARN_BOOL_CONVERSION = YES;
				CLANG_WARN_COMMA = YES;
				CLANG_WARN_CONSTANT_CONVERSION = YES;
				CLANG_WARN_DEPRECATED_OBJC_IMPLEMENTATIONS = YES;
				CLANG_WARN_DIRECT_OBJC_ISA_USAGE = YES_ERROR;
				CLANG_WARN_DOCUMENTATION_COMMENTS = YES;
				CLANG_WARN_EMPTY_BODY = YES;
				CLANG_WARN_ENUM_CONVERSION = YES;
				CLANG_WARN_INFINITE_RECURSION = YES;
				CLANG_WARN_INT_CONVERSION = YES;
				CLANG_WARN_NON_LITERAL_NULL_CONVERSION = YES;
				CLANG_WARN_OBJC_IMPLICIT_RETAIN_SELF = YES;
				CLANG_WARN_OBJC_LITERAL_CONVERSION = YES;
				CLANG_WARN_OBJC_ROOT_CLASS = YES_ERROR;
				CLANG_WARN_QUOTED_INCLUDE_IN_FRAMEWORK_HEADER = YES;
				CLANG_WARN_RANGE_LOOP_ANALYSIS = YES;
				CLANG_WARN_STRICT_PROTOTYPES = YES;
				CLANG_WARN_SUSPICIOUS_MOVE = YES;
				CLANG_WARN_UNGUARDED_AVAILABILITY = YES_AGGRESSIVE;
				CLANG_WARN_UNREACHABLE_CODE = YES;
				CLANG_WARN__DUPLICATE_METHOD_MATCH = YES;
				COPY_PHASE_STRIP = NO;
				DEBUG_INFORMATION_FORMAT = "dwarf-with-dsym";
				ENABLE_NS_ASSERTIONS = NO;
				ENABLE_STRICT_OBJC_MSGSEND = YES;
				GCC_C_LANGUAGE_STANDARD = gnu11;
				GCC_NO_COMMON_BLOCKS = YES;
				GCC_WARN_64_TO_32_BIT_CONVERSION = YES;
				GCC_WARN_ABOUT_RETURN_TYPE = YES_ERROR;
				GCC_WARN_UNDECLARED_SELECTOR = YES;
				GCC_WARN_UNINITIALIZED_AUTOS = YES_AGGRESSIVE;
				GCC_WARN_UNUSED_FUNCTION = YES;
				GCC_WARN_UNUSED_VARIABLE = YES;
				IPHONEOS_DEPLOYMENT_TARGET = 15.4;
				MTL_ENABLE_DEBUG_INFO = NO;
				MTL_FAST_MATH = YES;
				SDKROOT = iphoneos;
				SWIFT_COMPILATION_MODE = wholemodule;
				SWIFT_OPTIMIZATION_LEVEL = "-O";
				VALIDATE_PRODUCT = YES;
			};
			name = Release;
		};
		C0DD58AF28271E3C00FF2802 /* Debug */ = {
			isa = XCBuildConfiguration;
			buildSettings = {
				ASSETCATALOG_COMPILER_APPICON_NAME = AppIcon;
				ASSETCATALOG_COMPILER_GLOBAL_ACCENT_COLOR_NAME = AccentColor;
				CODE_SIGN_STYLE = Automatic;
				CURRENT_PROJECT_VERSION = 1;
				DEVELOPMENT_ASSET_PATHS = "\"EventS/Preview Content\"";
				DEVELOPMENT_TEAM = VGMF52A5LL;
				ENABLE_PREVIEWS = YES;
				GENERATE_INFOPLIST_FILE = YES;
				INFOPLIST_FILE = EventS/Info.plist;
				INFOPLIST_KEY_UIApplicationSceneManifest_Generation = YES;
				INFOPLIST_KEY_UIApplicationSupportsIndirectInputEvents = YES;
				INFOPLIST_KEY_UILaunchScreen_Generation = YES;
				INFOPLIST_KEY_UISupportedInterfaceOrientations_iPad = "UIInterfaceOrientationPortrait UIInterfaceOrientationPortraitUpsideDown UIInterfaceOrientationLandscapeLeft UIInterfaceOrientationLandscapeRight";
				INFOPLIST_KEY_UISupportedInterfaceOrientations_iPhone = "UIInterfaceOrientationPortrait UIInterfaceOrientationLandscapeLeft UIInterfaceOrientationLandscapeRight";
				LD_RUNPATH_SEARCH_PATHS = (
					"$(inherited)",
					"@executable_path/Frameworks",
				);
				MARKETING_VERSION = 1.0;
				PRODUCT_BUNDLE_IDENTIFIER = saroz.EventS;
				PRODUCT_NAME = "$(TARGET_NAME)";
				SWIFT_EMIT_LOC_STRINGS = YES;
				SWIFT_VERSION = 5.0;
				TARGETED_DEVICE_FAMILY = "1,2";
			};
			name = Debug;
		};
		C0DD58B028271E3C00FF2802 /* Release */ = {
			isa = XCBuildConfiguration;
			buildSettings = {
				ASSETCATALOG_COMPILER_APPICON_NAME = AppIcon;
				ASSETCATALOG_COMPILER_GLOBAL_ACCENT_COLOR_NAME = AccentColor;
				CODE_SIGN_STYLE = Automatic;
				CURRENT_PROJECT_VERSION = 1;
				DEVELOPMENT_ASSET_PATHS = "\"EventS/Preview Content\"";
				DEVELOPMENT_TEAM = VGMF52A5LL;
				ENABLE_PREVIEWS = YES;
				GENERATE_INFOPLIST_FILE = YES;
				INFOPLIST_FILE = EventS/Info.plist;
				INFOPLIST_KEY_UIApplicationSceneManifest_Generation = YES;
				INFOPLIST_KEY_UIApplicationSupportsIndirectInputEvents = YES;
				INFOPLIST_KEY_UILaunchScreen_Generation = YES;
				INFOPLIST_KEY_UISupportedInterfaceOrientations_iPad = "UIInterfaceOrientationPortrait UIInterfaceOrientationPortraitUpsideDown UIInterfaceOrientationLandscapeLeft UIInterfaceOrientationLandscapeRight";
				INFOPLIST_KEY_UISupportedInterfaceOrientations_iPhone = "UIInterfaceOrientationPortrait UIInterfaceOrientationLandscapeLeft UIInterfaceOrientationLandscapeRight";
				LD_RUNPATH_SEARCH_PATHS = (
					"$(inherited)",
					"@executable_path/Frameworks",
				);
				MARKETING_VERSION = 1.0;
				PRODUCT_BUNDLE_IDENTIFIER = saroz.EventS;
				PRODUCT_NAME = "$(TARGET_NAME)";
				SWIFT_EMIT_LOC_STRINGS = YES;
				SWIFT_VERSION = 5.0;
				TARGETED_DEVICE_FAMILY = "1,2";
			};
			name = Release;
		};
/* End XCBuildConfiguration section */

/* Begin XCConfigurationList section */
		C0DD589B28271E3A00FF2802 /* Build configuration list for PBXProject "EventS" */ = {
			isa = XCConfigurationList;
			buildConfigurations = (
				C0DD58AC28271E3C00FF2802 /* Debug */,
				C0DD58AD28271E3C00FF2802 /* Release */,
			);
			defaultConfigurationIsVisible = 0;
			defaultConfigurationName = Release;
		};
		C0DD58AE28271E3C00FF2802 /* Build configuration list for PBXNativeTarget "EventS" */ = {
			isa = XCConfigurationList;
			buildConfigurations = (
				C0DD58AF28271E3C00FF2802 /* Debug */,
				C0DD58B028271E3C00FF2802 /* Release */,
			);
			defaultConfigurationIsVisible = 0;
			defaultConfigurationName = Release;
		};
/* End XCConfigurationList section */
	};
	rootObject = C0DD589828271E3A00FF2802 /* Project object */;
}
